
Microsoft Visual Studio Solution File, Format Version 12.00
# Visual Studio Version 16
VisualStudioVersion = 16.0.29102.190
MinimumVisualStudioVersion = 10.0.40219.1
Project("{9A19103F-16F7-4668-BE54-9A1E7A4F7556}") = "Financial.Test.ConsoleApp", "Financial.Test.ConsoleApp\Financial.Test.ConsoleApp.csproj", "{3A0BFEE5-D594-46EB-9270-336CFC31D7B4}"
EndProject
Project("{2150E333-8FDC-42A3-9474-1A3956D46DE8}") = "Test", "Test", "{D37AE17A-E6C6-4F72-ADB4-7D9ED48BA6DB}"
EndProject
Project("{2150E333-8FDC-42A3-9474-1A3956D46DE8}") = "Infrastructure", "Infrastructure", "{150DC33E-E33F-42EC-9687-68E266809CA0}"
EndProject
Project("{9A19103F-16F7-4668-BE54-9A1E7A4F7556}") = "Financial.Infrastructure.ExternalServices.StooqClient", "Financial.Infrastructure.ExternalServices.StooqClient\Financial.Infrastructure.ExternalServices.StooqClient.csproj", "{6679CEE5-A485-491F-A4BD-E89F3E7BCF57}"
EndProject
Project("{9A19103F-16F7-4668-BE54-9A1E7A4F7556}") = "Financial.Test.UnitTest.ExternalServices", "Financial.Test.UnitTest.ExternalServices\Financial.Test.UnitTest.ExternalServices.csproj", "{1B09FFF5-2771-4364-A930-C39A2CD14B43}"
EndProject
Project("{2150E333-8FDC-42A3-9474-1A3956D46DE8}") = "Presentation", "Presentation", "{90B0551E-0B27-4CF9-9AA5-E7FB4DA73B6D}"
EndProject
Project("{9A19103F-16F7-4668-BE54-9A1E7A4F7556}") = "Financial.Presentation.ChatWebServer", "Financial.Presentation.ChatWebServer\Financial.Presentation.ChatWebServer.csproj", "{71BDE94D-76ED-4FD2-B118-667449FE2996}"
EndProject
Project("{2150E333-8FDC-42A3-9474-1A3956D46DE8}") = "Domain", "Domain", "{4D8710E4-0885-46D3-A04C-B1A76F12281B}"
EndProject
Project("{9A19103F-16F7-4668-BE54-9A1E7A4F7556}") = "Financial.Domain.Entities", "Financial.Domain.Entities\Financial.Domain.Entities.csproj", "{7AA87C87-BE02-43C5-82ED-25F300509DD5}"
EndProject
Project("{2150E333-8FDC-42A3-9474-1A3956D46DE8}") = "Services", "Services", "{1AF62EF1-AAE8-4D19-93F9-E3E5122BAE4C}"
EndProject
Project("{9A19103F-16F7-4668-BE54-9A1E7A4F7556}") = "Financial.Services.Interfaces", "Financial.Services.Interfaces\Financial.Services.Interfaces.csproj", "{62B8AAB7-0C9E-4870-9315-26643BEA2BFD}"
EndProject
Project("{9A19103F-16F7-4668-BE54-9A1E7A4F7556}") = "Financial.Infrastructure.EFDataPersistance", "Financial.Infrastructure.EFDataPersistance\Financial.Infrastructure.EFDataPersistance.csproj", "{23566F99-D2EB-4082-B780-BB7FA42911AF}"
EndProject
Project("{9A19103F-16F7-4668-BE54-9A1E7A4F7556}") = "Financial.Services.EFImplementation", "Financial.Services.EFImplementation\Financial.Services.EFImplementation.csproj", "{2B1CCA4D-9405-47AE-B6FF-F4C4E30E1DD2}"
EndProject
Project("{9A19103F-16F7-4668-BE54-9A1E7A4F7556}") = "Financial.Presentation.BackGoundStockService", "Financial.Presentation.BackGoundStockService\Financial.Presentation.BackGoundStockService.csproj", "{E2A9C700-0121-4B75-9A6A-1C17B7DF9CF4}"
EndProject
Project("{9A19103F-16F7-4668-BE54-9A1E7A4F7556}") = "Financial.Infrastructure.MessageQueu", "Financial.Infrastructure.MessageQueu\Financial.Infrastructure.MessageQueu.csproj", "{472450C2-31BA-411F-A08A-D834428FD0EB}"
EndProject
Project("{E53339B2-1760-4266-BCC7-CA923CBCF16C}") = "docker-compose", "docker-compose.dcproj", "{7BD77ECA-1FFD-4187-8278-32CC459EEDD3}"
EndProject
Global
	GlobalSection(SolutionConfigurationPlatforms) = preSolution
		Debug|Any CPU = Debug|Any CPU
		Release|Any CPU = Release|Any CPU
	EndGlobalSection
	GlobalSection(ProjectConfigurationPlatforms) = postSolution
		{3A0BFEE5-D594-46EB-9270-336CFC31D7B4}.Debug|Any CPU.ActiveCfg = Debug|Any CPU
		{3A0BFEE5-D594-46EB-9270-336CFC31D7B4}.Debug|Any CPU.Build.0 = Debug|Any CPU
		{3A0BFEE5-D594-46EB-9270-336CFC31D7B4}.Release|Any CPU.ActiveCfg = Release|Any CPU
		{3A0BFEE5-D594-46EB-9270-336CFC31D7B4}.Release|Any CPU.Build.0 = Release|Any CPU
		{6679CEE5-A485-491F-A4BD-E89F3E7BCF57}.Debug|Any CPU.ActiveCfg = Debug|Any CPU
		{6679CEE5-A485-491F-A4BD-E89F3E7BCF57}.Debug|Any CPU.Build.0 = Debug|Any CPU
		{6679CEE5-A485-491F-A4BD-E89F3E7BCF57}.Release|Any CPU.ActiveCfg = Release|Any CPU
		{6679CEE5-A485-491F-A4BD-E89F3E7BCF57}.Release|Any CPU.Build.0 = Release|Any CPU
		{1B09FFF5-2771-4364-A930-C39A2CD14B43}.Debug|Any CPU.ActiveCfg = Debug|Any CPU
		{1B09FFF5-2771-4364-A930-C39A2CD14B43}.Debug|Any CPU.Build.0 = Debug|Any CPU
		{1B09FFF5-2771-4364-A930-C39A2CD14B43}.Release|Any CPU.ActiveCfg = Release|Any CPU
		{1B09FFF5-2771-4364-A930-C39A2CD14B43}.Release|Any CPU.Build.0 = Release|Any CPU
		{71BDE94D-76ED-4FD2-B118-667449FE2996}.Debug|Any CPU.ActiveCfg = Debug|Any CPU
		{71BDE94D-76ED-4FD2-B118-667449FE2996}.Debug|Any CPU.Build.0 = Debug|Any CPU
		{71BDE94D-76ED-4FD2-B118-667449FE2996}.Release|Any CPU.ActiveCfg = Release|Any CPU
		{71BDE94D-76ED-4FD2-B118-667449FE2996}.Release|Any CPU.Build.0 = Release|Any CPU
		{7AA87C87-BE02-43C5-82ED-25F300509DD5}.Debug|Any CPU.ActiveCfg = Debug|Any CPU
		{7AA87C87-BE02-43C5-82ED-25F300509DD5}.Debug|Any CPU.Build.0 = Debug|Any CPU
		{7AA87C87-BE02-43C5-82ED-25F300509DD5}.Release|Any CPU.ActiveCfg = Release|Any CPU
		{7AA87C87-BE02-43C5-82ED-25F300509DD5}.Release|Any CPU.Build.0 = Release|Any CPU
		{62B8AAB7-0C9E-4870-9315-26643BEA2BFD}.Debug|Any CPU.ActiveCfg = Debug|Any CPU
		{62B8AAB7-0C9E-4870-9315-26643BEA2BFD}.Debug|Any CPU.Build.0 = Debug|Any CPU
		{62B8AAB7-0C9E-4870-9315-26643BEA2BFD}.Release|Any CPU.ActiveCfg = Release|Any CPU
		{62B8AAB7-0C9E-4870-9315-26643BEA2BFD}.Release|Any CPU.Build.0 = Release|Any CPU
		{23566F99-D2EB-4082-B780-BB7FA42911AF}.Debug|Any CPU.ActiveCfg = Debug|Any CPU
		{23566F99-D2EB-4082-B780-BB7FA42911AF}.Debug|Any CPU.Build.0 = Debug|Any CPU
		{23566F99-D2EB-4082-B780-BB7FA42911AF}.Release|Any CPU.ActiveCfg = Release|Any CPU
		{23566F99-D2EB-4082-B780-BB7FA42911AF}.Release|Any CPU.Build.0 = Release|Any CPU
		{2B1CCA4D-9405-47AE-B6FF-F4C4E30E1DD2}.Debug|Any CPU.ActiveCfg = Debug|Any CPU
		{2B1CCA4D-9405-47AE-B6FF-F4C4E30E1DD2}.Debug|Any CPU.Build.0 = Debug|Any CPU
		{2B1CCA4D-9405-47AE-B6FF-F4C4E30E1DD2}.Release|Any CPU.ActiveCfg = Release|Any CPU
		{2B1CCA4D-9405-47AE-B6FF-F4C4E30E1DD2}.Release|Any CPU.Build.0 = Release|Any CPU
		{E2A9C700-0121-4B75-9A6A-1C17B7DF9CF4}.Debug|Any CPU.ActiveCfg = Debug|Any CPU
		{E2A9C700-0121-4B75-9A6A-1C17B7DF9CF4}.Debug|Any CPU.Build.0 = Debug|Any CPU
		{E2A9C700-0121-4B75-9A6A-1C17B7DF9CF4}.Release|Any CPU.ActiveCfg = Release|Any CPU
		{E2A9C700-0121-4B75-9A6A-1C17B7DF9CF4}.Release|Any CPU.Build.0 = Release|Any CPU
		{472450C2-31BA-411F-A08A-D834428FD0EB}.Debug|Any CPU.ActiveCfg = Debug|Any CPU
		{472450C2-31BA-411F-A08A-D834428FD0EB}.Debug|Any CPU.Build.0 = Debug|Any CPU
		{472450C2-31BA-411F-A08A-D834428FD0EB}.Release|Any CPU.ActiveCfg = Release|Any CPU
		{472450C2-31BA-411F-A08A-D834428FD0EB}.Release|Any CPU.Build.0 = Release|Any CPU
		{7BD77ECA-1FFD-4187-8278-32CC459EEDD3}.Debug|Any CPU.ActiveCfg = Debug|Any CPU
		{7BD77ECA-1FFD-4187-8278-32CC459EEDD3}.Debug|Any CPU.Build.0 = Debug|Any CPU
		{7BD77ECA-1FFD-4187-8278-32CC459EEDD3}.Release|Any CPU.ActiveCfg = Release|Any CPU
		{7BD77ECA-1FFD-4187-8278-32CC459EEDD3}.Release|Any CPU.Build.0 = Release|Any CPU
	EndGlobalSection
	GlobalSection(SolutionProperties) = preSolution
		HideSolutionNode = FALSE
	EndGlobalSection
	GlobalSection(NestedProjects) = preSolution
		{3A0BFEE5-D594-46EB-9270-336CFC31D7B4} = {D37AE17A-E6C6-4F72-ADB4-7D9ED48BA6DB}
		{6679CEE5-A485-491F-A4BD-E89F3E7BCF57} = {150DC33E-E33F-42EC-9687-68E266809CA0}
		{1B09FFF5-2771-4364-A930-C39A2CD14B43} = {D37AE17A-E6C6-4F72-ADB4-7D9ED48BA6DB}
		{71BDE94D-76ED-4FD2-B118-667449FE2996} = {90B0551E-0B27-4CF9-9AA5-E7FB4DA73B6D}
		{7AA87C87-BE02-43C5-82ED-25F300509DD5} = {4D8710E4-0885-46D3-A04C-B1A76F12281B}
		{62B8AAB7-0C9E-4870-9315-26643BEA2BFD} = {1AF62EF1-AAE8-4D19-93F9-E3E5122BAE4C}
		{23566F99-D2EB-4082-B780-BB7FA42911AF} = {150DC33E-E33F-42EC-9687-68E266809CA0}
		{2B1CCA4D-9405-47AE-B6FF-F4C4E30E1DD2} = {1AF62EF1-AAE8-4D19-93F9-E3E5122BAE4C}
		{E2A9C700-0121-4B75-9A6A-1C17B7DF9CF4} = {90B0551E-0B27-4CF9-9AA5-E7FB4DA73B6D}
		{472450C2-31BA-411F-A08A-D834428FD0EB} = {150DC33E-E33F-42EC-9687-68E266809CA0}
	EndGlobalSection
	GlobalSection(ExtensibilityGlobals) = postSolution
		SolutionGuid = {72A46293-12BB-43D1-AB25-D58E03232099}
	EndGlobalSection
EndGlobal
